
Microsoft Visual Studio Solution File, Format Version 12.00
# Visual Studio Version 17
VisualStudioVersion = 17.7.34031.279
MinimumVisualStudioVersion = 10.0.40219.1
Project("{FAE04EC0-301F-11D3-BF4B-00C04F79EFBC}") = "E-court Integration", "E-court Integration\E-court Integration.csproj", "{B1C48224-C49B-4A68-B2FE-6F3A9930147D}"
EndProject
Global
	GlobalSection(SolutionConfigurationPlatforms) = preSolution
		Debug|Any CPU = Debug|Any CPU
		Release|Any CPU = Release|Any CPU
	EndGlobalSection
	GlobalSection(ProjectConfigurationPlatforms) = postSolution
		{B1C48224-C49B-4A68-B2FE-6F3A9930147D}.Debug|Any CPU.ActiveCfg = Debug|Any CPU
		{B1C48224-C49B-4A68-B2FE-6F3A9930147D}.Debug|Any CPU.Build.0 = Debug|Any CPU
		{B1C48224-C49B-4A68-B2FE-6F3A9930147D}.Release|Any CPU.ActiveCfg = Release|Any CPU
		{B1C48224-C49B-4A68-B2FE-6F3A9930147D}.Release|Any CPU.Build.0 = Release|Any CPU
	EndGlobalSection
	GlobalSection(SolutionProperties) = preSolution
		HideSolutionNode = FALSE
	EndGlobalSection
	GlobalSection(ExtensibilityGlobals) = postSolution
		SolutionGuid = {F7758F77-7C77-40EC-9D4B-44EE22B3A2B4}
	EndGlobalSection
EndGlobal
